
Microsoft Visual Studio Solution File, Format Version 12.00
# Visual Studio Version 16
VisualStudioVersion = 16.0.31515.178
MinimumVisualStudioVersion = 10.0.40219.1
Project("{FAE04EC0-301F-11D3-BF4B-00C04F79EFBC}") = "MarsRover", "MarsRover\MarsRover.csproj", "{3C6976CE-187D-425B-8A7D-00E7CBB4015F}"
EndProject
Project("{FAE04EC0-301F-11D3-BF4B-00C04F79EFBC}") = "MarsRoverTests", "MarsRoverTests\MarsRoverTests.csproj", "{56EF53BC-57F8-4B57-A799-538473B5E5B2}"
EndProject
Global
	GlobalSection(SolutionConfigurationPlatforms) = preSolution
		Debug|Any CPU = Debug|Any CPU
		Release|Any CPU = Release|Any CPU
	EndGlobalSection
	GlobalSection(ProjectConfigurationPlatforms) = postSolution
		{3C6976CE-187D-425B-8A7D-00E7CBB4015F}.Debug|Any CPU.ActiveCfg = Debug|Any CPU
		{3C6976CE-187D-425B-8A7D-00E7CBB4015F}.Debug|Any CPU.Build.0 = Debug|Any CPU
		{3C6976CE-187D-425B-8A7D-00E7CBB4015F}.Release|Any CPU.ActiveCfg = Release|Any CPU
		{3C6976CE-187D-425B-8A7D-00E7CBB4015F}.Release|Any CPU.Build.0 = Release|Any CPU
		{56EF53BC-57F8-4B57-A799-538473B5E5B2}.Debug|Any CPU.ActiveCfg = Debug|Any CPU
		{56EF53BC-57F8-4B57-A799-538473B5E5B2}.Debug|Any CPU.Build.0 = Debug|Any CPU
		{56EF53BC-57F8-4B57-A799-538473B5E5B2}.Release|Any CPU.ActiveCfg = Release|Any CPU
		{56EF53BC-57F8-4B57-A799-538473B5E5B2}.Release|Any CPU.Build.0 = Release|Any CPU
	EndGlobalSection
	GlobalSection(SolutionProperties) = preSolution
		HideSolutionNode = FALSE
	EndGlobalSection
	GlobalSection(ExtensibilityGlobals) = postSolution
		SolutionGuid = {8FB3D9F7-00D0-4B7B-85E2-D66B267F7CB0}
	EndGlobalSection
EndGlobal
